{
  "version": 4,
  "terraform_version": "0.13.0",
  "serial": 59,
  "lineage": "57ebcba0-66cb-82d6-eb22-000bcaf3c854",
  "outputs": {
    "instance_pub_ips": {
      "value": [
        "34.224.83.39"
      ],
      "type": [
        "tuple",
        [
          "string"
        ]
      ]
    }
  },
  "resources": [
    {
      "module": "module.quickinstance[0]",
      "mode": "managed",
      "type": "aws_ebs_volume",
      "name": "ebs",
      "provider": "provider[\"registry.terraform.io/hashicorp/aws\"]",
      "instances": [
        {
          "schema_version": 0,
          "attributes": {
            "arn": "arn:aws:ec2:us-east-1:228435919907:volume/vol-08dc77723fae24188",
            "availability_zone": "us-east-1e",
            "encrypted": false,
            "id": "vol-08dc77723fae24188",
            "iops": 100,
            "kms_key_id": "",
            "multi_attach_enabled": false,
            "outpost_arn": "",
            "size": 8,
            "snapshot_id": "",
            "tags": {
              "Name": "EBS volume for hillel labwork",
              "value": "Default size 8gb"
            },
            "type": "gp2"
          },
          "private": "bnVsbA==",
          "dependencies": [
            "module.quickinstance.aws_instance.this",
            "module.quickinstance.aws_key_pair.payvinhillel",
            "module.quickinstance.aws_security_group.that",
            "module.quickinstance.aws_security_group.this"
          ]
        }
      ]
    },
    {
      "module": "module.quickinstance[0]",
      "mode": "managed",
      "type": "aws_instance",
      "name": "this",
      "provider": "provider[\"registry.terraform.io/hashicorp/aws\"]",
      "instances": [
        {
          "schema_version": 1,
          "attributes": {
            "ami": "ami-0bcc094591f354be2",
            "arn": "arn:aws:ec2:us-east-1:228435919907:instance/i-0c23ff658dd46d0f2",
            "associate_public_ip_address": true,
            "availability_zone": "us-east-1e",
            "cpu_core_count": 1,
            "cpu_threads_per_core": 1,
            "credit_specification": [
              {
                "cpu_credits": "standard"
              }
            ],
            "disable_api_termination": false,
            "ebs_block_device": [],
            "ebs_optimized": false,
            "ephemeral_block_device": [],
            "get_password_data": false,
            "hibernation": false,
            "host_id": null,
            "iam_instance_profile": "",
            "id": "i-0c23ff658dd46d0f2",
            "instance_initiated_shutdown_behavior": null,
            "instance_state": "running",
            "instance_type": "t2.micro",
            "ipv6_address_count": 0,
            "ipv6_addresses": [],
            "key_name": "hillel",
            "metadata_options": [
              {
                "http_endpoint": "enabled",
                "http_put_response_hop_limit": 1,
                "http_tokens": "optional"
              }
            ],
            "monitoring": false,
            "network_interface": [],
            "outpost_arn": "",
            "password_data": "",
            "placement_group": "",
            "primary_network_interface_id": "eni-057575bff80a2f834",
            "private_dns": "ip-172-31-50-2.ec2.internal",
            "private_ip": "172.31.50.2",
            "public_dns": "ec2-34-224-83-39.compute-1.amazonaws.com",
            "public_ip": "34.224.83.39",
            "root_block_device": [
              {
                "delete_on_termination": true,
                "device_name": "/dev/sda1",
                "encrypted": false,
                "iops": 100,
                "kms_key_id": "",
                "volume_id": "vol-0f26a2bce51ec3334",
                "volume_size": 8,
                "volume_type": "gp2"
              }
            ],
            "secondary_private_ips": [],
            "security_groups": [
              "temporary20200829103810086800000002",
              "trafic 6100 port20200829103810081900000001"
            ],
            "source_dest_check": true,
            "subnet_id": "subnet-0522022bb373c2318",
            "tags": {
              "Name": "temporary server",
              "Project": "hillel",
              "Purpose": "education"
            },
            "tenancy": "default",
            "timeouts": null,
            "user_data": null,
            "user_data_base64": null,
            "volume_tags": {},
            "vpc_security_group_ids": [
              "sg-020b631d441c22883",
              "sg-076c911901e7029c1"
            ]
          },
          "private": "eyJlMmJmYjczMC1lY2FhLTExZTYtOGY4OC0zNDM2M2JjN2M0YzAiOnsiY3JlYXRlIjo2MDAwMDAwMDAwMDAsImRlbGV0ZSI6MTIwMDAwMDAwMDAwMCwidXBkYXRlIjo2MDAwMDAwMDAwMDB9LCJzY2hlbWFfdmVyc2lvbiI6IjEifQ==",
          "dependencies": [
            "module.quickinstance.aws_key_pair.payvinhillel",
            "module.quickinstance.aws_security_group.that",
            "module.quickinstance.aws_security_group.this"
          ]
        }
      ]
    },
    {
      "module": "module.quickinstance[0]",
      "mode": "managed",
      "type": "aws_key_pair",
      "name": "payvinhillel",
      "provider": "provider[\"registry.terraform.io/hashicorp/aws\"]",
      "instances": [
        {
          "schema_version": 1,
          "attributes": {
            "arn": "arn:aws:ec2:us-east-1:228435919907:key-pair/hillel",
            "fingerprint": "ba:00:c8:e4:b9:dd:62:33:9f:ab:b7:65:01:a4:da:cb",
            "id": "hillel",
            "key_name": "hillel",
            "key_name_prefix": null,
            "key_pair_id": "key-044128ba4d7260e4e",
            "public_key": "---- BEGIN SSH2 PUBLIC KEY ----\nComment: \"2048-bit RSA, converted by oem@ArtemNB from OpenSSH\"\nAAAAB3NzaC1yc2EAAAADAQABAAABAQDJNaYSeSJZHedpTZ0xD9g3fOL+bM3599ds7yCmIE\nofrYzKbS2JDetc/xZ9zHW19ERflUhdSQoKxL5nx1QEfp9DrFHkCYC5JvZNq9srz8mbZ4Zg\nIkH5AuLlW13MJLqiG8iyPnnZQW4cvdjmewCFhzfmrLYHgR73GRYYE0EZMZtlz4yPJBvBD8\n+ZwpbuIlQ+Umt6udGPw8bLHfHfM6qFcYYMsXmyafz3pH8UfHbhyLganD/utKas5lqDkxHU\nwoXlj9AdYc/7FELIrgzT72ZRE5lyvKXcfp0a6tUpHcWavPgotv92+YNAx6hbk8hwJz8r54\n+a7Wf3wFEMcHvNVedsxZFb\n---- END SSH2 PUBLIC KEY ----",
            "tags": {}
          },
          "private": "eyJzY2hlbWFfdmVyc2lvbiI6IjEifQ=="
        }
      ]
    },
    {
      "module": "module.quickinstance[0]",
      "mode": "managed",
      "type": "aws_security_group",
      "name": "that",
      "provider": "provider[\"registry.terraform.io/hashicorp/aws\"]",
      "instances": [
        {
          "schema_version": 1,
          "attributes": {
            "arn": "arn:aws:ec2:us-east-1:228435919907:security-group/sg-020b631d441c22883",
            "description": "Managed by Terraform",
            "egress": [
              {
                "cidr_blocks": [
                  "0.0.0.0/0"
                ],
                "description": "Allow TCP port 6100 out trafic",
                "from_port": 61001,
                "ipv6_cidr_blocks": [],
                "prefix_list_ids": [],
                "protocol": "tcp",
                "security_groups": [],
                "self": false,
                "to_port": 61001
              }
            ],
            "id": "sg-020b631d441c22883",
            "ingress": [
              {
                "cidr_blocks": [
                  "0.0.0.0/0"
                ],
                "description": "Allow TCP port 6100 in trafic",
                "from_port": 61001,
                "ipv6_cidr_blocks": [],
                "prefix_list_ids": [],
                "protocol": "tcp",
                "security_groups": [],
                "self": false,
                "to_port": 61001
              }
            ],
            "name": "trafic 6100 port20200829103810081900000001",
            "name_prefix": "trafic 6100 port",
            "owner_id": "228435919907",
            "revoke_rules_on_delete": false,
            "tags": null,
            "timeouts": null,
            "vpc_id": "vpc-0665ee81786440e63"
          },
          "private": "eyJlMmJmYjczMC1lY2FhLTExZTYtOGY4OC0zNDM2M2JjN2M0YzAiOnsiY3JlYXRlIjo2MDAwMDAwMDAwMDAsImRlbGV0ZSI6NjAwMDAwMDAwMDAwfSwic2NoZW1hX3ZlcnNpb24iOiIxIn0="
        }
      ]
    },
    {
      "module": "module.quickinstance[0]",
      "mode": "managed",
      "type": "aws_security_group",
      "name": "this",
      "provider": "provider[\"registry.terraform.io/hashicorp/aws\"]",
      "instances": [
        {
          "schema_version": 1,
          "attributes": {
            "arn": "arn:aws:ec2:us-east-1:228435919907:security-group/sg-076c911901e7029c1",
            "description": "Managed by Terraform",
            "egress": [
              {
                "cidr_blocks": [
                  "0.0.0.0/0"
                ],
                "description": "",
                "from_port": 0,
                "ipv6_cidr_blocks": [],
                "prefix_list_ids": [],
                "protocol": "-1",
                "security_groups": [],
                "self": false,
                "to_port": 0
              }
            ],
            "id": "sg-076c911901e7029c1",
            "ingress": [
              {
                "cidr_blocks": [
                  "0.0.0.0/0"
                ],
                "description": "Allow HTTP fron anywhere",
                "from_port": 80,
                "ipv6_cidr_blocks": [],
                "prefix_list_ids": [],
                "protocol": "tcp",
                "security_groups": [],
                "self": false,
                "to_port": 80
              },
              {
                "cidr_blocks": [
                  "0.0.0.0/0"
                ],
                "description": "Allow HTTPS fron anywhere",
                "from_port": 443,
                "ipv6_cidr_blocks": [],
                "prefix_list_ids": [],
                "protocol": "tcp",
                "security_groups": [],
                "self": false,
                "to_port": 443
              },
              {
                "cidr_blocks": [
                  "0.0.0.0/0"
                ],
                "description": "Allow SSH fron anywhere",
                "from_port": 22,
                "ipv6_cidr_blocks": [],
                "prefix_list_ids": [],
                "protocol": "tcp",
                "security_groups": [],
                "self": false,
                "to_port": 22
              },
              {
                "cidr_blocks": [
                  "0.0.0.0/0"
                ],
                "description": "Allow SSH fron anywhere",
                "from_port": 3000,
                "ipv6_cidr_blocks": [],
                "prefix_list_ids": [],
                "protocol": "tcp",
                "security_groups": [],
                "self": false,
                "to_port": 3000
              }
            ],
            "name": "temporary20200829103810086800000002",
            "name_prefix": "temporary",
            "owner_id": "228435919907",
            "revoke_rules_on_delete": false,
            "tags": null,
            "timeouts": null,
            "vpc_id": "vpc-0665ee81786440e63"
          },
          "private": "eyJlMmJmYjczMC1lY2FhLTExZTYtOGY4OC0zNDM2M2JjN2M0YzAiOnsiY3JlYXRlIjo2MDAwMDAwMDAwMDAsImRlbGV0ZSI6NjAwMDAwMDAwMDAwfSwic2NoZW1hX3ZlcnNpb24iOiIxIn0="
        }
      ]
    },
    {
      "module": "module.quickinstance[0]",
      "mode": "managed",
      "type": "aws_volume_attachment",
      "name": "ebs_att",
      "provider": "provider[\"registry.terraform.io/hashicorp/aws\"]",
      "instances": [
        {
          "schema_version": 0,
          "attributes": {
            "device_name": "/dev/sdh",
            "force_detach": null,
            "id": "vai-3350335199",
            "instance_id": "i-0c23ff658dd46d0f2",
            "skip_destroy": null,
            "volume_id": "vol-08dc77723fae24188"
          },
          "private": "bnVsbA==",
          "dependencies": [
            "module.quickinstance.aws_ebs_volume.ebs",
            "module.quickinstance.aws_instance.this",
            "module.quickinstance.aws_key_pair.payvinhillel",
            "module.quickinstance.aws_security_group.that",
            "module.quickinstance.aws_security_group.this"
          ]
        }
      ]
    }
  ]
}
